
Microsoft Visual Studio Solution File, Format Version 12.00
# Visual Studio Version 17
VisualStudioVersion = 17.2.32616.157
MinimumVisualStudioVersion = 10.0.40219.1
Project("{FAE04EC0-301F-11D3-BF4B-00C04F79EFBC}") = "BookStoreApi1", "BookStoreApi1\BookStoreApi1.csproj", "{FE25FB49-A42B-4130-9671-867D000BCD44}"
EndProject
Project("{FAE04EC0-301F-11D3-BF4B-00C04F79EFBC}") = "BookStore.Models", "BookStore.Models\BookStore.Models.csproj", "{388929CB-B094-40EB-A033-8181B4C4A711}"
EndProject
Project("{FAE04EC0-301F-11D3-BF4B-00C04F79EFBC}") = "BookStore.Repository", "BookStore.Repository\BookStore.Repository.csproj", "{CF3CA86E-BA86-43F8-B0D1-85B485E6A6C2}"
EndProject
Global
	GlobalSection(SolutionConfigurationPlatforms) = preSolution
		Debug|Any CPU = Debug|Any CPU
		Release|Any CPU = Release|Any CPU
	EndGlobalSection
	GlobalSection(ProjectConfigurationPlatforms) = postSolution
		{FE25FB49-A42B-4130-9671-867D000BCD44}.Debug|Any CPU.ActiveCfg = Debug|Any CPU
		{FE25FB49-A42B-4130-9671-867D000BCD44}.Debug|Any CPU.Build.0 = Debug|Any CPU
		{FE25FB49-A42B-4130-9671-867D000BCD44}.Release|Any CPU.ActiveCfg = Release|Any CPU
		{FE25FB49-A42B-4130-9671-867D000BCD44}.Release|Any CPU.Build.0 = Release|Any CPU
		{388929CB-B094-40EB-A033-8181B4C4A711}.Debug|Any CPU.ActiveCfg = Debug|Any CPU
		{388929CB-B094-40EB-A033-8181B4C4A711}.Debug|Any CPU.Build.0 = Debug|Any CPU
		{388929CB-B094-40EB-A033-8181B4C4A711}.Release|Any CPU.ActiveCfg = Release|Any CPU
		{388929CB-B094-40EB-A033-8181B4C4A711}.Release|Any CPU.Build.0 = Release|Any CPU
		{CF3CA86E-BA86-43F8-B0D1-85B485E6A6C2}.Debug|Any CPU.ActiveCfg = Debug|Any CPU
		{CF3CA86E-BA86-43F8-B0D1-85B485E6A6C2}.Debug|Any CPU.Build.0 = Debug|Any CPU
		{CF3CA86E-BA86-43F8-B0D1-85B485E6A6C2}.Release|Any CPU.ActiveCfg = Release|Any CPU
		{CF3CA86E-BA86-43F8-B0D1-85B485E6A6C2}.Release|Any CPU.Build.0 = Release|Any CPU
	EndGlobalSection
	GlobalSection(SolutionProperties) = preSolution
		HideSolutionNode = FALSE
	EndGlobalSection
	GlobalSection(ExtensibilityGlobals) = postSolution
		SolutionGuid = {CB0289C1-891E-46F9-BB6D-D50E250C3216}
	EndGlobalSection
EndGlobal
